
Microsoft Visual Studio Solution File, Format Version 12.00
# Visual Studio 15
VisualStudioVersion = 15.0.26730.12
MinimumVisualStudioVersion = 10.0.40219.1
Project("{8BC9CEB8-8B4A-11D0-8D11-00A0C91BC942}") = "PrintPixelSFML", "PrintPixelSFML\PrintPixelSFML.vcxproj", "{3F85C3F3-540E-4B06-8D6F-5C12604DD9C0}"
EndProject
Global
	GlobalSection(SolutionConfigurationPlatforms) = preSolution
		Debug|x64 = Debug|x64
		Debug|x86 = Debug|x86
		Release|x64 = Release|x64
		Release|x86 = Release|x86
	EndGlobalSection
	GlobalSection(ProjectConfigurationPlatforms) = postSolution
		{3F85C3F3-540E-4B06-8D6F-5C12604DD9C0}.Debug|x64.ActiveCfg = Debug|x64
		{3F85C3F3-540E-4B06-8D6F-5C12604DD9C0}.Debug|x64.Build.0 = Debug|x64
		{3F85C3F3-540E-4B06-8D6F-5C12604DD9C0}.Debug|x86.ActiveCfg = Debug|Win32
		{3F85C3F3-540E-4B06-8D6F-5C12604DD9C0}.Debug|x86.Build.0 = Debug|Win32
		{3F85C3F3-540E-4B06-8D6F-5C12604DD9C0}.Release|x64.ActiveCfg = Release|x64
		{3F85C3F3-540E-4B06-8D6F-5C12604DD9C0}.Release|x64.Build.0 = Release|x64
		{3F85C3F3-540E-4B06-8D6F-5C12604DD9C0}.Release|x86.ActiveCfg = Release|Win32
		{3F85C3F3-540E-4B06-8D6F-5C12604DD9C0}.Release|x86.Build.0 = Release|Win32
	EndGlobalSection
	GlobalSection(SolutionProperties) = preSolution
		HideSolutionNode = FALSE
	EndGlobalSection
	GlobalSection(ExtensibilityGlobals) = postSolution
		SolutionGuid = {B3BC00FD-2670-46FA-B555-196646221E0C}
	EndGlobalSection
EndGlobal
